
Microsoft Visual Studio Solution File, Format Version 12.00
# Visual Studio Version 16
VisualStudioVersion = 16.0.30225.117
MinimumVisualStudioVersion = 10.0.40219.1
Project("{9A19103F-16F7-4668-BE54-9A1E7A4F7556}") = "FreeBelarus.Server", "Server\FreeBelarus.Server.csproj", "{66F61491-9858-41C9-AAFD-883A2AF5860F}"
EndProject
Project("{9A19103F-16F7-4668-BE54-9A1E7A4F7556}") = "FreeBelarus.Client", "Client\FreeBelarus.Client.csproj", "{F68658B8-1E66-4DB5-96D0-E9670E996AE1}"
EndProject
Project("{9A19103F-16F7-4668-BE54-9A1E7A4F7556}") = "FreeBelarus.Shared", "Shared\FreeBelarus.Shared.csproj", "{9328C224-9CC5-476E-B243-A14F783ED68C}"
EndProject
Global
	GlobalSection(SolutionConfigurationPlatforms) = preSolution
		Debug|Any CPU = Debug|Any CPU
		Release|Any CPU = Release|Any CPU
	EndGlobalSection
	GlobalSection(ProjectConfigurationPlatforms) = postSolution
		{66F61491-9858-41C9-AAFD-883A2AF5860F}.Debug|Any CPU.ActiveCfg = Debug|Any CPU
		{66F61491-9858-41C9-AAFD-883A2AF5860F}.Debug|Any CPU.Build.0 = Debug|Any CPU
		{66F61491-9858-41C9-AAFD-883A2AF5860F}.Release|Any CPU.ActiveCfg = Release|Any CPU
		{66F61491-9858-41C9-AAFD-883A2AF5860F}.Release|Any CPU.Build.0 = Release|Any CPU
		{F68658B8-1E66-4DB5-96D0-E9670E996AE1}.Debug|Any CPU.ActiveCfg = Debug|Any CPU
		{F68658B8-1E66-4DB5-96D0-E9670E996AE1}.Debug|Any CPU.Build.0 = Debug|Any CPU
		{F68658B8-1E66-4DB5-96D0-E9670E996AE1}.Release|Any CPU.ActiveCfg = Release|Any CPU
		{F68658B8-1E66-4DB5-96D0-E9670E996AE1}.Release|Any CPU.Build.0 = Release|Any CPU
		{9328C224-9CC5-476E-B243-A14F783ED68C}.Debug|Any CPU.ActiveCfg = Debug|Any CPU
		{9328C224-9CC5-476E-B243-A14F783ED68C}.Debug|Any CPU.Build.0 = Debug|Any CPU
		{9328C224-9CC5-476E-B243-A14F783ED68C}.Release|Any CPU.ActiveCfg = Release|Any CPU
		{9328C224-9CC5-476E-B243-A14F783ED68C}.Release|Any CPU.Build.0 = Release|Any CPU
	EndGlobalSection
	GlobalSection(SolutionProperties) = preSolution
		HideSolutionNode = FALSE
	EndGlobalSection
	GlobalSection(ExtensibilityGlobals) = postSolution
		SolutionGuid = {7C3FB64E-7A0A-46C6-850D-8A65F889EDBE}
	EndGlobalSection
EndGlobal
